{
  "version": 4,
  "terraform_version": "1.12.2",
  "serial": 17,
  "lineage": "1db68bbd-3439-561f-8de1-8595fb1d464c",
  "outputs": {
    "pet_name": {
      "value": "popular-baboon",
      "type": "string"
    }
  },
  "resources": [
    {
      "mode": "managed",
      "type": "random_pet",
      "name": "name",
      "provider": "provider[\"registry.terraform.io/hashicorp/random\"]",
      "instances": [
        {
          "schema_version": 0,
          "attributes": {
            "id": "popular-baboon",
            "keepers": null,
            "length": 2,
            "prefix": null,
            "separator": "-"
          },
          "sensitive_attributes": [],
          "identity_schema_version": 0
        }
      ]
    }
  ],
  "check_results": null
}
