{
  "version": 4,
  "terraform_version": "1.12.2",
  "serial": 3,
  "lineage": "d150de5d-96e3-75db-026a-526b9a2bb91f",
  "outputs": {},
  "resources": [
    {
      "module": "module.m1",
      "mode": "managed",
      "type": "local_file",
      "name": "f1",
      "provider": "provider[\"registry.terraform.io/hashicorp/local\"]",
      "instances": [
        {
          "schema_version": 0,
          "attributes": {
            "content": "content from module",
            "content_base64": null,
            "content_base64sha256": "h50Av6lucgQDgxXy+mUXG0SSSGcM9LUIZMKuY8bDhlA=",
            "content_base64sha512": "OCzoE0CFsQX500BW9YMEWZjpV+wr885usq0fyV+eYhuqbHM2+VOul54Ws7K2yUhmi5+QgipLJbjhON0YPLRaZg==",
            "content_md5": "64f2d05a0c64726dd8a3c2363399ded4",
            "content_sha1": "23a5190ba385ff85f9c4a03049c7a023e5c43605",
            "content_sha256": "879d00bfa96e7204038315f2fa65171b449248670cf4b50864c2ae63c6c38650",
            "content_sha512": "382ce8134085b105f9d34056f583045998e957ec2bf3ce6eb2ad1fc95f9e621baa6c7336f953ae979e16b3b2b6c948668b9f90822a4b25b8e138dd183cb45a66",
            "directory_permission": "0777",
            "file_permission": "0777",
            "filename": "123.txt",
            "id": "23a5190ba385ff85f9c4a03049c7a023e5c43605",
            "sensitive_content": null,
            "source": null
          },
          "sensitive_attributes": [
            [
              {
                "type": "get_attr",
                "value": "sensitive_content"
              }
            ]
          ],
          "identity_schema_version": 0
        }
      ]
    },
    {
      "module": "module.m2",
      "mode": "managed",
      "type": "local_file",
      "name": "f1",
      "provider": "provider[\"registry.terraform.io/hashicorp/local\"]",
      "instances": [
        {
          "schema_version": 0,
          "attributes": {
            "content": "content from module 2",
            "content_base64": null,
            "content_base64sha256": "DyceksdgJaNUOPTmeGfZPBegWXIZ+MTEH9nIywYWY5s=",
            "content_base64sha512": "ilV8oNfUuMLcD+1vVuIvdc/w7t3+D+JO1w3sMvvmjkhs0/wbvGJqhqVjAywqW/It15ikH+HalxNy0SF/QStGHA==",
            "content_md5": "4f24e945c2524d5ceca8dbd1727ec131",
            "content_sha1": "47917037cef863f0daf025504b2feb631d1d1a60",
            "content_sha256": "0f271e92c76025a35438f4e67867d93c17a0597219f8c4c41fd9c8cb0616639b",
            "content_sha512": "8a557ca0d7d4b8c2dc0fed6f56e22f75cff0eeddfe0fe24ed70dec32fbe68e486cd3fc1bbc626a86a563032c2a5bf22dd798a41fe1da971372d1217f412b461c",
            "directory_permission": "0777",
            "file_permission": "0777",
            "filename": "456.txt",
            "id": "47917037cef863f0daf025504b2feb631d1d1a60",
            "sensitive_content": null,
            "source": null
          },
          "sensitive_attributes": [
            [
              {
                "type": "get_attr",
                "value": "sensitive_content"
              }
            ]
          ],
          "identity_schema_version": 0
        }
      ]
    }
  ],
  "check_results": null
}
