{
  "version": 4,
  "terraform_version": "1.12.2",
  "serial": 1,
  "lineage": "ff110179-e654-cd84-59d5-4b5f0544ffcc",
  "outputs": {},
  "resources": [
    {
      "module": "module.m1",
      "mode": "managed",
      "type": "local_file",
      "name": "f1",
      "provider": "provider[\"registry.terraform.io/hashicorp/local\"]",
      "instances": [
        {
          "schema_version": 0,
          "attributes": {
            "content": "this is from m1",
            "content_base64": null,
            "content_base64sha256": "WQSUO23YBK801RfU4ZD6f2xtjG1SlA4ejVvV1LVl5E8=",
            "content_base64sha512": "P6sEjuClMgc9ntuSwdC0w/irgRJAU4PpROikgEB73Q1tUR5n3MAjKj76fR3wyPXDflxJjAyXQM/srqd9D1OGGQ==",
            "content_md5": "830e388577629ed064396d2e1335d48d",
            "content_sha1": "01d18cf7b674979aa067c8909c3658d61c68728c",
            "content_sha256": "5904943b6dd804af34d517d4e190fa7f6c6d8c6d52940e1e8d5bd5d4b565e44f",
            "content_sha512": "3fab048ee0a532073d9edb92c1d0b4c3f8ab8112405383e944e8a480407bdd0d6d511e67dcc0232a3efa7d1df0c8f5c37e5c498c0c9740cfecaea77d0f538619",
            "directory_permission": "0777",
            "file_permission": "0777",
            "filename": "xyz.txt",
            "id": "01d18cf7b674979aa067c8909c3658d61c68728c",
            "sensitive_content": null,
            "source": null
          },
          "sensitive_attributes": [
            [
              {
                "type": "get_attr",
                "value": "sensitive_content"
              }
            ]
          ],
          "identity_schema_version": 0
        }
      ]
    }
  ],
  "check_results": null
}
