{
  "version": 4,
  "terraform_version": "1.12.2",
  "serial": 10,
  "lineage": "41776711-168b-303f-0aed-c0725e375021",
  "outputs": {
    "pet_id": {
      "value": "loved-marmoset",
      "type": "string"
    },
    "pet_name": {
      "value": "loved-marmoset",
      "type": "string"
    }
  },
  "resources": [
    {
      "mode": "managed",
      "type": "local_file",
      "name": "file",
      "provider": "provider[\"registry.terraform.io/hashicorp/local\"]",
      "instances": [
        {
          "schema_version": 0,
          "attributes": {
            "content": "this is implict dependency",
            "content_base64": null,
            "content_base64sha256": "nwmWy6R/9CRJRKOfNPgli8yIcck25mXWt2k0JlPPzFE=",
            "content_base64sha512": "S63aPGMi4kK6MCpsUYqQxKRs35bl0DPRb8x8gzPkX4o91sfMlHBx/OekNU6sTfxOZ4LSeAq4SM9TmueiQmzU8A==",
            "content_md5": "9bdfdd2985a491557bc77330dfc3dbda",
            "content_sha1": "1403d619e9e044e40ace9924abfc237ec41ed54b",
            "content_sha256": "9f0996cba47ff4244944a39f34f8258bcc8871c936e665d6b769342653cfcc51",
            "content_sha512": "4badda3c6322e242ba302a6c518a90c4a46cdf96e5d033d16fcc7c8333e45f8a3dd6c7cc947071fce7a4354eac4dfc4e6782d2780ab848cf539ae7a2426cd4f0",
            "directory_permission": "0777",
            "file_permission": "0777",
            "filename": "pet_name.txt",
            "id": "1403d619e9e044e40ace9924abfc237ec41ed54b",
            "sensitive_content": null,
            "source": null
          },
          "sensitive_attributes": [
            [
              {
                "type": "get_attr",
                "value": "sensitive_content"
              }
            ]
          ],
          "identity_schema_version": 0
        }
      ]
    },
    {
      "mode": "managed",
      "type": "local_file",
      "name": "file1",
      "provider": "provider[\"registry.terraform.io/hashicorp/local\"]",
      "instances": [
        {
          "schema_version": 0,
          "attributes": {
            "content": "1403d619e9e044e40ace9924abfc237ec41ed54b",
            "content_base64": null,
            "content_base64sha256": "MTErRX/bzn2I7DRjDzmUe6Cj6XF+iISBaQENCPKZ/7Q=",
            "content_base64sha512": "CHIn8QYZ+XBgpEQ9mRYSFg1eBQWPE7pZo1kIFXUVlV9INOwv6EbJgXWYlEsiais1rKIhYZpf6uedrH5YaK6P7w==",
            "content_md5": "e346b5385f91289c218588151395f7ad",
            "content_sha1": "ff36b63d0ad7d3adf487acfb1f4fa7df5ffaf27d",
            "content_sha256": "31312b457fdbce7d88ec34630f39947ba0a3e9717e88848169010d08f299ffb4",
            "content_sha512": "087227f10619f97060a4443d991612160d5e05058f13ba59a35908157515955f4834ec2fe846c9817598944b226a2b35aca221619a5feae79dac7e5868ae8fef",
            "directory_permission": "0777",
            "file_permission": "0777",
            "filename": "new.txt",
            "id": "ff36b63d0ad7d3adf487acfb1f4fa7df5ffaf27d",
            "sensitive_content": null,
            "source": null
          },
          "sensitive_attributes": [
            [
              {
                "type": "get_attr",
                "value": "sensitive_content"
              }
            ]
          ],
          "identity_schema_version": 0,
          "dependencies": [
            "local_file.file"
          ]
        }
      ]
    },
    {
      "mode": "managed",
      "type": "local_file",
      "name": "file_a",
      "provider": "provider[\"registry.terraform.io/hashicorp/local\"]",
      "instances": [
        {
          "schema_version": 0,
          "attributes": {
            "content": "This is file A",
            "content_base64": null,
            "content_base64sha256": "k6o1ofEPo5ZSsREnbZXDFCt+JvmgthrMA61ugvkLLS0=",
            "content_base64sha512": "BY24Syi0F8ocHrN4Fe+WzHITCdl1jcYeuWFgSKn9HuMqVc9dfBYs8LmvZKHBH6Cx2iBQM53KZvUw4wP6M+8nNg==",
            "content_md5": "21c04a2fb0dc95d4a4c3acf237bc301f",
            "content_sha1": "6fe88d918aa050af5b653b0d658ab1543f06eb69",
            "content_sha256": "93aa35a1f10fa39652b111276d95c3142b7e26f9a0b61acc03ad6e82f90b2d2d",
            "content_sha512": "058db84b28b417ca1c1eb37815ef96cc721309d9758dc61eb9616048a9fd1ee32a55cf5d7c162cf0b9af64a1c11fa0b1da2050339dca66f530e303fa33ef2736",
            "directory_permission": "0777",
            "file_permission": "0777",
            "filename": "a.txt",
            "id": "6fe88d918aa050af5b653b0d658ab1543f06eb69",
            "sensitive_content": null,
            "source": null
          },
          "sensitive_attributes": [
            [
              {
                "type": "get_attr",
                "value": "sensitive_content"
              }
            ]
          ],
          "identity_schema_version": 0
        }
      ]
    },
    {
      "mode": "managed",
      "type": "local_file",
      "name": "file_b",
      "provider": "provider[\"registry.terraform.io/hashicorp/local\"]",
      "instances": [
        {
          "schema_version": 0,
          "attributes": {
            "content": "This is file B",
            "content_base64": null,
            "content_base64sha256": "InWm/9V5UH5/vUaPAuQiFnTDHuyoiu5f3yPVv4UPEko=",
            "content_base64sha512": "IqanQv1rtC/6XJOBFJm/GxiFHhZGQWDUKysRg0JLTfn6PtYWuAx7x1yTbmjgweq3pTGifjvD0xInT690flkbGw==",
            "content_md5": "bb07fc755b8725937a9e4062234e4f34",
            "content_sha1": "269a01990ab1c938c8d9b644cfc78b4ef9cb585a",
            "content_sha256": "2275a6ffd579507e7fbd468f02e4221674c31eeca88aee5fdf23d5bf850f124a",
            "content_sha512": "22a6a742fd6bb42ffa5c93811499bf1b18851e16464160d42b2b1183424b4df9fa3ed616b80c7bc75c936e68e0c1eab7a531a27e3bc3d312274faf747e591b1b",
            "directory_permission": "0777",
            "file_permission": "0777",
            "filename": "b.txt",
            "id": "269a01990ab1c938c8d9b644cfc78b4ef9cb585a",
            "sensitive_content": null,
            "source": null
          },
          "sensitive_attributes": [
            [
              {
                "type": "get_attr",
                "value": "sensitive_content"
              }
            ]
          ],
          "identity_schema_version": 0
        }
      ]
    },
    {
      "mode": "managed",
      "type": "local_file",
      "name": "file_c",
      "provider": "provider[\"registry.terraform.io/hashicorp/local\"]",
      "instances": [
        {
          "schema_version": 0,
          "attributes": {
            "content": "This is file C",
            "content_base64": null,
            "content_base64sha256": "FRqPmuwAyi1j2OEL/AzG5fpYteW+cr7M94z+d0qU1iY=",
            "content_base64sha512": "HEVkgQM2aBkmdVRwLM1l1GSwpW5gZ5cY6LXuyMG7WROUitOriG0H12C80UXKNDRPztp8Wge/4J5SMZi0KGYU5w==",
            "content_md5": "c6735bcb5d1eb24823cb101b2363f69b",
            "content_sha1": "afc57e627c951e0b37c6f74ab6b444023657e418",
            "content_sha256": "151a8f9aec00ca2d63d8e10bfc0cc6e5fa58b5e5be72beccf78cfe774a94d626",
            "content_sha512": "1c45648103366819267554702ccd65d464b0a56e60679718e8b5eec8c1bb5913948ad3ab886d07d760bcd145ca34344fceda7c5a07bfe09e523198b4286614e7",
            "directory_permission": "0777",
            "file_permission": "0777",
            "filename": "c.txt",
            "id": "afc57e627c951e0b37c6f74ab6b444023657e418",
            "sensitive_content": null,
            "source": null
          },
          "sensitive_attributes": [
            [
              {
                "type": "get_attr",
                "value": "sensitive_content"
              }
            ]
          ],
          "identity_schema_version": 0
        }
      ]
    },
    {
      "mode": "managed",
      "type": "local_file",
      "name": "file_main",
      "provider": "provider[\"registry.terraform.io/hashicorp/local\"]",
      "instances": [
        {
          "schema_version": 0,
          "attributes": {
            "content": "This is the main file, and it explicitly depends on file A, B, and C.",
            "content_base64": null,
            "content_base64sha256": "lwihRVu2guoGnuEYa/Vq6JC2DCiBQ3awDbVOioFX7zY=",
            "content_base64sha512": "g+36LPERH5IgHb7TH2+iGhEVYSKkcnQ13F+oPIjTRB9F68dPb9IU84zZm3NUxrLB13l1Nk3xrBRjCOuEPDGHsw==",
            "content_md5": "560ec349227eeb655b788689f878c723",
            "content_sha1": "56d4a7eabc5ced3701c8d241668b01fed56b03d3",
            "content_sha256": "9708a1455bb682ea069ee1186bf56ae890b60c28814376b00db54e8a8157ef36",
            "content_sha512": "83edfa2cf1111f92201dbed31f6fa21a11156122a4727435dc5fa83c88d3441f45ebc74f6fd214f38cd99b7354c6b2c1d77975364df1ac146308eb843c3187b3",
            "directory_permission": "0777",
            "file_permission": "0777",
            "filename": "main.txt",
            "id": "56d4a7eabc5ced3701c8d241668b01fed56b03d3",
            "sensitive_content": null,
            "source": null
          },
          "sensitive_attributes": [
            [
              {
                "type": "get_attr",
                "value": "sensitive_content"
              }
            ]
          ],
          "identity_schema_version": 0,
          "dependencies": [
            "local_file.file_a",
            "local_file.file_b",
            "local_file.file_c"
          ]
        }
      ]
    },
    {
      "mode": "managed",
      "type": "random_pet",
      "name": "pet",
      "provider": "provider[\"registry.terraform.io/hashicorp/random\"]",
      "instances": [
        {
          "schema_version": 0,
          "attributes": {
            "id": "loved-marmoset",
            "keepers": null,
            "length": 2,
            "prefix": null,
            "separator": "-"
          },
          "sensitive_attributes": [],
          "identity_schema_version": 0
        }
      ]
    }
  ],
  "check_results": null
}
