{
  "version": 4,
  "terraform_version": "1.12.2",
  "serial": 37,
  "lineage": "bd6c380d-1283-9078-9c4b-bc3f1b9a3757",
  "outputs": {
    "file_written": {
      "value": "File created at: ./secret.txt",
      "type": "string"
    },
    "str": {
      "value": "76e4db440369b61b153becff9ed1d5718f6e32d3",
      "type": "string"
    }
  },
  "resources": [
    {
      "mode": "managed",
      "type": "local_file",
      "name": "file1",
      "provider": "provider[\"registry.terraform.io/hashicorp/local\"]",
      "instances": [
        {
          "schema_version": 0,
          "attributes": {
            "content": "This is file 1 created by Terraform.",
            "content_base64": null,
            "content_base64sha256": "CMbW+g3/s2h1PDiLPZRcxYIkyrOm4AYZICZr1/i4uqE=",
            "content_base64sha512": "K+XZjb6AMB2OLB/+IfjzsH1lOh6SxXjPuhSQ8KOGQoCDZjWII8bJi4uOn7K7TigDgnhryXLDJq7h6Sxt7uxMCw==",
            "content_md5": "0be57aab02ab3bb37dac8de5f6df4879",
            "content_sha1": "2430d452f977e839c8f865845018d7058d115cd2",
            "content_sha256": "08c6d6fa0dffb368753c388b3d945cc58224cab3a6e0061920266bd7f8b8baa1",
            "content_sha512": "2be5d98dbe80301d8e2c1ffe21f8f3b07d653a1e92c578cfba1490f0a38642808366358823c6c98b8b8e9fb2bb4e280382786bc972c326aee1e92c6deeec4c0b",
            "directory_permission": "0777",
            "file_permission": "0777",
            "filename": "file1.txt",
            "id": "2430d452f977e839c8f865845018d7058d115cd2",
            "sensitive_content": null,
            "source": null
          },
          "sensitive_attributes": [
            [
              {
                "type": "get_attr",
                "value": "sensitive_content"
              }
            ]
          ],
          "identity_schema_version": 0
        }
      ]
    },
    {
      "mode": "managed",
      "type": "local_file",
      "name": "file2",
      "provider": "provider[\"registry.terraform.io/hashicorp/local\"]",
      "instances": [
        {
          "schema_version": 0,
          "attributes": {
            "content": "This is file 2 created by Terraform.",
            "content_base64": null,
            "content_base64sha256": "QqZP/U6sffxChygN5xyrM++laooDiDSuH6LKWgnFioo=",
            "content_base64sha512": "UUvuJpWjzwbByKELWNzUsY4bBEq9U3DZnKoTOHDKrFdlBVKwJ6eYYzGUhgcZEtYZIMjns9Mh6KekyVWxLBb64g==",
            "content_md5": "fcca051eeb138a594c24ceb589c9c1a1",
            "content_sha1": "d79057709460d0d428a7ff2e11e0e58c94a30e68",
            "content_sha256": "42a64ffd4eac7dfc4287280de71cab33efa56a8a038834ae1fa2ca5a09c58a8a",
            "content_sha512": "514bee2695a3cf06c1c8a10b58dcd4b18e1b044abd5370d99caa133870caac57650552b027a79863319486071912d61920c8e7b3d321e8a7a4c955b12c16fae2",
            "directory_permission": "0777",
            "file_permission": "0777",
            "filename": "file2.txt",
            "id": "d79057709460d0d428a7ff2e11e0e58c94a30e68",
            "sensitive_content": null,
            "source": null
          },
          "sensitive_attributes": [
            [
              {
                "type": "get_attr",
                "value": "sensitive_content"
              }
            ]
          ],
          "identity_schema_version": 0
        }
      ]
    },
    {
      "mode": "managed",
      "type": "local_file",
      "name": "file3",
      "provider": "provider[\"registry.terraform.io/hashicorp/local\"]",
      "instances": [
        {
          "schema_version": 0,
          "attributes": {
            "content": "This is file 3 created by Terraform.",
            "content_base64": null,
            "content_base64sha256": "FRKbEgq1q6Xt3a093QKiZQ7ttQUMgM00dh9Jvot9A78=",
            "content_base64sha512": "NxalLczSBo53GYgzuzQN2BUFJKu9EdgWr1qyreN8sIOb+Adj9Grcz19KMU1yZAF3PyO9lfsLoJVFS5Zk/zjP4A==",
            "content_md5": "b74927b5a8bca24378ffba8d275e3af8",
            "content_sha1": "7f1608e24a66152d861a938b5325d77e828126ca",
            "content_sha256": "15129b120ab5aba5edddad3ddd02a2650eedb5050c80cd34761f49be8b7d03bf",
            "content_sha512": "3716a52dccd2068e77198833bb340dd8150524abbd11d816af5ab2ade37cb0839bf80763f46adccf5f4a314d726401773f23bd95fb0ba095454b9664ff38cfe0",
            "directory_permission": "0777",
            "file_permission": "0777",
            "filename": "file3.txt",
            "id": "7f1608e24a66152d861a938b5325d77e828126ca",
            "sensitive_content": null,
            "source": null
          },
          "sensitive_attributes": [
            [
              {
                "type": "get_attr",
                "value": "sensitive_content"
              }
            ]
          ],
          "identity_schema_version": 0
        }
      ]
    },
    {
      "mode": "managed",
      "type": "local_file",
      "name": "file_a",
      "provider": "provider[\"registry.terraform.io/hashicorp/local\"]",
      "instances": [
        {
          "schema_version": 0,
          "attributes": {
            "content": "This is file A created by Terraform.",
            "content_base64": null,
            "content_base64sha256": "54eQIB+HZi7P6InpFJ8XwU67vpf+ru10eIfQV5e+xOw=",
            "content_base64sha512": "oKawu/o7a6s2McncR5zTIli+t1TZ7bAPlRUlxkMsZ7p3j/kRIja7rYXHsrSgqcDs1qGhuT/0P7ld6foBoHokoA==",
            "content_md5": "70b0de73390596e44935a2259b629e3b",
            "content_sha1": "0c4c176220689141beb8dd4646cdc9dddfa5e217",
            "content_sha256": "e78790201f87662ecfe889e9149f17c14ebbbe97feaeed747887d05797bec4ec",
            "content_sha512": "a0a6b0bbfa3b6bab3631c9dc479cd32258beb754d9edb00f951525c6432c67ba778ff9112236bbad85c7b2b4a0a9c0ecd6a1a1b93ff43fb95de9fa01a07a24a0",
            "directory_permission": "0777",
            "file_permission": "0777",
            "filename": "a_output.txt",
            "id": "0c4c176220689141beb8dd4646cdc9dddfa5e217",
            "sensitive_content": null,
            "source": null
          },
          "sensitive_attributes": [
            [
              {
                "type": "get_attr",
                "value": "sensitive_content"
              }
            ]
          ],
          "identity_schema_version": 0
        }
      ]
    },
    {
      "mode": "managed",
      "type": "local_file",
      "name": "file_b",
      "provider": "provider[\"registry.terraform.io/hashicorp/local\"]",
      "instances": [
        {
          "schema_version": 0,
          "attributes": {
            "content": "This is file B created by Terraform.",
            "content_base64": null,
            "content_base64sha256": "RGAPcAcuJT3G2VCW1tPRVpP8zg/eTZUS/kMbBylddj4=",
            "content_base64sha512": "SEdeBZ46+uwHE7KssWPcqe2Y0VBEDsrPj6Xptk5jiXPDvxFpE6qD0GzVnQ9wToUaBDgVos7FrcbJntwOaGpz0w==",
            "content_md5": "75d8410136b43bb4d02c3766b91c1771",
            "content_sha1": "ae9cbae6331d83295c509537c4978e8791ff46cb",
            "content_sha256": "44600f70072e253dc6d95096d6d3d15693fcce0fde4d9512fe431b07295d763e",
            "content_sha512": "48475e059e3afaec0713b2acb163dca9ed98d150440ecacf8fa5e9b64e638973c3bf116913aa83d06cd59d0f704e851a043815a2cec5adc6c99edc0e686a73d3",
            "directory_permission": "0777",
            "file_permission": "0777",
            "filename": "b_output.txt",
            "id": "ae9cbae6331d83295c509537c4978e8791ff46cb",
            "sensitive_content": null,
            "source": null
          },
          "sensitive_attributes": [
            [
              {
                "type": "get_attr",
                "value": "sensitive_content"
              }
            ]
          ],
          "identity_schema_version": 0
        }
      ]
    },
    {
      "mode": "managed",
      "type": "local_file",
      "name": "file_c",
      "provider": "provider[\"registry.terraform.io/hashicorp/local\"]",
      "instances": [
        {
          "schema_version": 0,
          "attributes": {
            "content": "This is file C created by Terraform.",
            "content_base64": null,
            "content_base64sha256": "TeYcvToRDwiqpUEc8XhrHNOvV23ZGm3ot2GMppjO+EI=",
            "content_base64sha512": "7LnZqPFNN0BA9GfvYa9BQm5mvrAzGuyiLNw2a6VqNnv92z6ZnKatshYw01SBEmCntkhG7Tdu+OLJJG8Q9WPSfw==",
            "content_md5": "b4bd84e18a3839b5177051a6b1b284aa",
            "content_sha1": "29358d9014c4604ce0f48e117a15c276ae4084fe",
            "content_sha256": "4de61cbd3a110f08aaa5411cf1786b1cd3af576dd91a6de8b7618ca698cef842",
            "content_sha512": "ecb9d9a8f14d374040f467ef61af41426e66beb0331aeca22cdc366ba56a367bfddb3e999ca6adb21630d354811260a7b64846ed376ef8e2c9246f10f563d27f",
            "directory_permission": "0777",
            "file_permission": "0777",
            "filename": "c_output.txt",
            "id": "29358d9014c4604ce0f48e117a15c276ae4084fe",
            "sensitive_content": null,
            "source": null
          },
          "sensitive_attributes": [
            [
              {
                "type": "get_attr",
                "value": "sensitive_content"
              }
            ]
          ],
          "identity_schema_version": 0
        }
      ]
    },
    {
      "mode": "managed",
      "type": "local_file",
      "name": "filecreateion",
      "provider": "provider[\"registry.terraform.io/hashicorp/local\"]",
      "instances": [
        {
          "schema_version": 0,
          "attributes": {
            "content": "content from default",
            "content_base64": null,
            "content_base64sha256": "Igl/65Mw0n6Fz9ibixHbR9NKKSOmPgJ4E0ZkHx1MfVA=",
            "content_base64sha512": "RJGu3ULyM8fLC0vpyGGNWNcvEF1e9xNmsosyJlgymDJqSDV44GHa4sY0eDq6x7+RVe0lmD/CcQWDI6RDsvO/dg==",
            "content_md5": "6313a70453f70f1c3ad145235d0bd16b",
            "content_sha1": "76e4db440369b61b153becff9ed1d5718f6e32d3",
            "content_sha256": "22097feb9330d27e85cfd89b8b11db47d34a2923a63e02781346641f1d4c7d50",
            "content_sha512": "4491aedd42f233c7cb0b4be9c8618d58d72f105d5ef71366b28b3226583298326a483578e061dae2c634783abac7bf9155ed25983fc271058323a443b2f3bf76",
            "directory_permission": "0777",
            "file_permission": "0777",
            "filename": "abc-123",
            "id": "76e4db440369b61b153becff9ed1d5718f6e32d3",
            "sensitive_content": null,
            "source": null
          },
          "sensitive_attributes": [
            [
              {
                "type": "get_attr",
                "value": "sensitive_content"
              }
            ]
          ],
          "identity_schema_version": 0
        }
      ]
    },
    {
      "mode": "managed",
      "type": "local_file",
      "name": "filecreateion1",
      "provider": "provider[\"registry.terraform.io/hashicorp/local\"]",
      "instances": [
        {
          "schema_version": 0,
          "attributes": {
            "content": "a123",
            "content_base64": null,
            "content_base64sha256": "fASDfrNWVl4ouxTlod7bJApawlYfjtMYxUonn7apZl4=",
            "content_base64sha512": "tfFUu2S1pAXjVZRbtuoFBdoOlxVlqksSIG9ExLmIxnZ6nbBNko1TA4O4UNKvpIGpW+vnk1/iO9vGMRXWLiXcyA==",
            "content_md5": "80c9ef0fb86369cd25f90af27ef53a9e",
            "content_sha1": "76af7efae0d034d1e3335ed1b90f24b6cadf2bf1",
            "content_sha256": "7c04837eb356565e28bb14e5a1dedb240a5ac2561f8ed318c54a279fb6a9665e",
            "content_sha512": "b5f154bb64b5a405e355945bb6ea0505da0e971565aa4b12206f44c4b988c6767a9db04d928d530383b850d2afa481a95bebe7935fe23bdbc63115d62e25dcc8",
            "directory_permission": "0777",
            "file_permission": "0777",
            "filename": "test-1234",
            "id": "76af7efae0d034d1e3335ed1b90f24b6cadf2bf1",
            "sensitive_content": null,
            "source": null
          },
          "sensitive_attributes": [
            [
              {
                "type": "get_attr",
                "value": "sensitive_content"
              }
            ]
          ],
          "identity_schema_version": 0
        }
      ]
    },
    {
      "mode": "managed",
      "type": "local_file",
      "name": "filecreation",
      "provider": "provider[\"registry.terraform.io/hashicorp/local\"]",
      "instances": [
        {
          "schema_version": 0,
          "attributes": {
            "content": "this is my first resource",
            "content_base64": null,
            "content_base64sha256": "G/QdSW+YHu7jVUdhyDsAjjH0mtDVG7MRNKULfSOnO4M=",
            "content_base64sha512": "N0HY3uOXVG0lczBveajP7Q0xkQFMCTgVuFXYZlKkwALweqnooVhxsI+LrQTkxyu75zTXBOy8MhbwxMkejUJO6Q==",
            "content_md5": "11dd27019a7dc8f816647b6f05028ad8",
            "content_sha1": "4784da75970c3c09b697c466d4144e54aa7c77aa",
            "content_sha256": "1bf41d496f981eeee3554761c83b008e31f49ad0d51bb31134a50b7d23a73b83",
            "content_sha512": "3741d8dee397546d2573306f79a8cfed0d3191014c093815b855d86652a4c002f07aa9e8a15871b08f8bad04e4c72bbbe734d704ecbc3216f0c4c91e8d424ee9",
            "directory_permission": "0777",
            "file_permission": "0777",
            "filename": "abcd.txt",
            "id": "4784da75970c3c09b697c466d4144e54aa7c77aa",
            "sensitive_content": null,
            "source": null
          },
          "sensitive_attributes": [
            [
              {
                "type": "get_attr",
                "value": "sensitive_content"
              }
            ]
          ],
          "identity_schema_version": 0
        }
      ]
    },
    {
      "mode": "managed",
      "type": "local_file",
      "name": "secret_file",
      "provider": "provider[\"registry.terraform.io/hashicorp/local\"]",
      "instances": [
        {
          "schema_version": 0,
          "attributes": {
            "content": "Your secret password is: My$ecretP@ssw0rd!",
            "content_base64": null,
            "content_base64sha256": "OsHli6GV44N7owC+yUejNStu+plP9l3DZvygO0ULjng=",
            "content_base64sha512": "/67Yr7rJ7V23rP+6U8XF/0djuOZede5JTnC3u2Yy+m7PK10ZszscgXK0u0YyIy9kD4XyrUy1VE6CXucIgvkCvw==",
            "content_md5": "2155d5205849aa9e2bda90e5434b7228",
            "content_sha1": "89688c24370830b4adeb0ecd4f1ff3af0153b0da",
            "content_sha256": "3ac1e58ba195e3837ba300bec947a3352b6efa994ff65dc366fca03b450b8e78",
            "content_sha512": "ffaed8afbac9ed5db7acffba53c5c5ff4763b8e65e75ee494e70b7bb6632fa6ecf2b5d19b33b1c8172b4bb4632232f640f85f2ad4cb5544e825ee70882f902bf",
            "directory_permission": "0777",
            "file_permission": "0600",
            "filename": "./secret.txt",
            "id": "89688c24370830b4adeb0ecd4f1ff3af0153b0da",
            "sensitive_content": null,
            "source": null
          },
          "sensitive_attributes": [
            [
              {
                "type": "get_attr",
                "value": "content"
              }
            ],
            [
              {
                "type": "get_attr",
                "value": "sensitive_content"
              }
            ]
          ],
          "identity_schema_version": 0
        }
      ]
    }
  ],
  "check_results": null
}
