{
  "version": 4,
  "terraform_version": "1.12.2",
  "serial": 1,
  "lineage": "ce7f8476-1940-8d07-1503-ccc874977f0a",
  "outputs": {},
  "resources": [
    {
      "mode": "data",
      "type": "local_file",
      "name": "d1",
      "provider": "provider[\"registry.terraform.io/hashicorp/local\"]",
      "instances": [
        {
          "schema_version": 0,
          "attributes": {
            "content": "good morning good good \nGOOD MORNING GOOD Good \ngood good Good good\nhello world good to all\n\n\ngood evening good morning\ngood GOOd good evening\n\ngood night good evening\nhello world all is well\n\ngood evening to all\n\ngood evening to everyone \ngood morning GOOD MORNING\n",
            "content_base64": "Z29vZCBtb3JuaW5nIGdvb2QgZ29vZCAKR09PRCBNT1JOSU5HIEdPT0QgR29vZCAKZ29vZCBnb29kIEdvb2QgZ29vZApoZWxsbyB3b3JsZCBnb29kIHRvIGFsbAoKCmdvb2QgZXZlbmluZyBnb29kIG1vcm5pbmcKZ29vZCBHT09kIGdvb2QgZXZlbmluZwoKZ29vZCBuaWdodCBnb29kIGV2ZW5pbmcKaGVsbG8gd29ybGQgYWxsIGlzIHdlbGwKCmdvb2QgZXZlbmluZyB0byBhbGwKCmdvb2QgZXZlbmluZyB0byBldmVyeW9uZSAKZ29vZCBtb3JuaW5nIEdPT0QgTU9STklORwo=",
            "content_base64sha256": "+d/YceSAkPa2m78pwyE9wZ762N4sz081GKak45IBZLI=",
            "content_base64sha512": "K7+VTn8q/DJyIMJAozUH/B+ytGK3Q4+UAbQi3vexEXF+P8r9XZQCgkZAvBPctBE8q5fSpT5mvS069lq1KuXD3A==",
            "content_md5": "8b18c9deb3f13e8bc885690ca97353ba",
            "content_sha1": "5e8a99f074044d41405229c5a61fd46cf819774c",
            "content_sha256": "f9dfd871e48090f6b69bbf29c3213dc19efad8de2ccf4f3518a6a4e3920164b2",
            "content_sha512": "2bbf954e7f2afc327220c240a33507fc1fb2b462b7438f9401b422def7b111717e3fcafd5d9402824640bc13dcb4113cab97d2a53e66bd2d3af65ab52ae5c3dc",
            "filename": "/home/vid/batch11/gana.txt",
            "id": "5e8a99f074044d41405229c5a61fd46cf819774c"
          },
          "sensitive_attributes": [],
          "identity_schema_version": 0
        }
      ]
    },
    {
      "mode": "managed",
      "type": "local_file",
      "name": "f1",
      "provider": "provider[\"registry.terraform.io/hashicorp/local\"]",
      "instances": [
        {
          "schema_version": 0,
          "attributes": {
            "content": "good morning good good \nGOOD MORNING GOOD Good \ngood good Good good\nhello world good to all\n\n\ngood evening good morning\ngood GOOd good evening\n\ngood night good evening\nhello world all is well\n\ngood evening to all\n\ngood evening to everyone \ngood morning GOOD MORNING\n",
            "content_base64": null,
            "content_base64sha256": "+d/YceSAkPa2m78pwyE9wZ762N4sz081GKak45IBZLI=",
            "content_base64sha512": "K7+VTn8q/DJyIMJAozUH/B+ytGK3Q4+UAbQi3vexEXF+P8r9XZQCgkZAvBPctBE8q5fSpT5mvS069lq1KuXD3A==",
            "content_md5": "8b18c9deb3f13e8bc885690ca97353ba",
            "content_sha1": "5e8a99f074044d41405229c5a61fd46cf819774c",
            "content_sha256": "f9dfd871e48090f6b69bbf29c3213dc19efad8de2ccf4f3518a6a4e3920164b2",
            "content_sha512": "2bbf954e7f2afc327220c240a33507fc1fb2b462b7438f9401b422def7b111717e3fcafd5d9402824640bc13dcb4113cab97d2a53e66bd2d3af65ab52ae5c3dc",
            "directory_permission": "0777",
            "file_permission": "0777",
            "filename": "vid.txt",
            "id": "5e8a99f074044d41405229c5a61fd46cf819774c",
            "sensitive_content": null,
            "source": null
          },
          "sensitive_attributes": [
            [
              {
                "type": "get_attr",
                "value": "sensitive_content"
              }
            ]
          ],
          "identity_schema_version": 0,
          "dependencies": [
            "data.local_file.d1"
          ]
        }
      ]
    }
  ],
  "check_results": null
}
