{
  "version": 4,
  "terraform_version": "1.12.2",
  "serial": 7,
  "lineage": "a951bfd7-fc6b-4341-33ed-2279c411b09d",
  "outputs": {},
  "resources": [
    {
      "mode": "managed",
      "type": "local_file",
      "name": "f1",
      "provider": "provider[\"registry.terraform.io/hashicorp/local\"]",
      "instances": [
        {
          "index_key": 0,
          "schema_version": 0,
          "attributes": {
            "content": "This is from terraform",
            "content_base64": null,
            "content_base64sha256": "k4Bs79oMRoycBXM6GFFiGaf9gZ0fzm5mnH/aQExZYZE=",
            "content_base64sha512": "TDAF8Sl+MarULmdfGU44LS6vkuF0MsapHe+ncI8L6v7YFxWYbqbFJGdXHNF4qQ7N8OGILS5yBrwlwHR+6E6EMw==",
            "content_md5": "fce20871ac52eb0bba9b001c6a0ebc10",
            "content_sha1": "8cc1001816f1ccf7941c6c347aa568ab32182fed",
            "content_sha256": "93806cefda0c468c9c05733a18516219a7fd819d1fce6e669c7fda404c596191",
            "content_sha512": "4c3005f1297e31aad42e675f194e382d2eaf92e17432c6a91defa7708f0beafed81715986ea6c52467571cd178a90ecdf0e1882d2e7206bc25c0747ee84e8433",
            "directory_permission": "0777",
            "file_permission": "0777",
            "filename": "default1.txt",
            "id": "8cc1001816f1ccf7941c6c347aa568ab32182fed",
            "sensitive_content": null,
            "source": null
          },
          "sensitive_attributes": [
            [
              {
                "type": "get_attr",
                "value": "sensitive_content"
              }
            ]
          ],
          "identity_schema_version": 0
        },
        {
          "index_key": 1,
          "schema_version": 0,
          "attributes": {
            "content": "This is from terraform",
            "content_base64": null,
            "content_base64sha256": "k4Bs79oMRoycBXM6GFFiGaf9gZ0fzm5mnH/aQExZYZE=",
            "content_base64sha512": "TDAF8Sl+MarULmdfGU44LS6vkuF0MsapHe+ncI8L6v7YFxWYbqbFJGdXHNF4qQ7N8OGILS5yBrwlwHR+6E6EMw==",
            "content_md5": "fce20871ac52eb0bba9b001c6a0ebc10",
            "content_sha1": "8cc1001816f1ccf7941c6c347aa568ab32182fed",
            "content_sha256": "93806cefda0c468c9c05733a18516219a7fd819d1fce6e669c7fda404c596191",
            "content_sha512": "4c3005f1297e31aad42e675f194e382d2eaf92e17432c6a91defa7708f0beafed81715986ea6c52467571cd178a90ecdf0e1882d2e7206bc25c0747ee84e8433",
            "directory_permission": "0777",
            "file_permission": "0777",
            "filename": "default2.txt",
            "id": "8cc1001816f1ccf7941c6c347aa568ab32182fed",
            "sensitive_content": null,
            "source": null
          },
          "sensitive_attributes": [
            [
              {
                "type": "get_attr",
                "value": "sensitive_content"
              }
            ]
          ],
          "identity_schema_version": 0
        },
        {
          "index_key": 2,
          "schema_version": 0,
          "attributes": {
            "content": "This is from terraform",
            "content_base64": null,
            "content_base64sha256": "k4Bs79oMRoycBXM6GFFiGaf9gZ0fzm5mnH/aQExZYZE=",
            "content_base64sha512": "TDAF8Sl+MarULmdfGU44LS6vkuF0MsapHe+ncI8L6v7YFxWYbqbFJGdXHNF4qQ7N8OGILS5yBrwlwHR+6E6EMw==",
            "content_md5": "fce20871ac52eb0bba9b001c6a0ebc10",
            "content_sha1": "8cc1001816f1ccf7941c6c347aa568ab32182fed",
            "content_sha256": "93806cefda0c468c9c05733a18516219a7fd819d1fce6e669c7fda404c596191",
            "content_sha512": "4c3005f1297e31aad42e675f194e382d2eaf92e17432c6a91defa7708f0beafed81715986ea6c52467571cd178a90ecdf0e1882d2e7206bc25c0747ee84e8433",
            "directory_permission": "0777",
            "file_permission": "0777",
            "filename": "default3.txt",
            "id": "8cc1001816f1ccf7941c6c347aa568ab32182fed",
            "sensitive_content": null,
            "source": null
          },
          "sensitive_attributes": [
            [
              {
                "type": "get_attr",
                "value": "sensitive_content"
              }
            ]
          ],
          "identity_schema_version": 0
        }
      ]
    },
    {
      "mode": "managed",
      "type": "local_file",
      "name": "f2",
      "provider": "provider[\"registry.terraform.io/hashicorp/local\"]",
      "instances": [
        {
          "index_key": "defaultA.txt",
          "schema_version": 0,
          "attributes": {
            "content": "Default content A",
            "content_base64": null,
            "content_base64sha256": "odcoHLTPD9KkuK2Iph9pLj5V0ZpNKmcTGZYPalqGK74=",
            "content_base64sha512": "ITsDkZL4pyrx+PoPqoWiCyKREZc7hLKSNKP9kSeTaO36EKKHlryIU+TcSaI/TGoUz8AZjApo6hM2UUZMeAkKpw==",
            "content_md5": "6a9dd10715d52c012a6d4b01761aa1d8",
            "content_sha1": "f6e4cd7f56b92db7febc46705a81f902919508fe",
            "content_sha256": "a1d7281cb4cf0fd2a4b8ad88a61f692e3e55d19a4d2a671319960f6a5a862bbe",
            "content_sha512": "213b039192f8a72af1f8fa0faa85a20b229111973b84b29234a3fd91279368edfa10a28796bc8853e4dc49a23f4c6a14cfc0198c0a68ea133651464c78090aa7",
            "directory_permission": "0777",
            "file_permission": "0777",
            "filename": "defaultA.txt",
            "id": "f6e4cd7f56b92db7febc46705a81f902919508fe",
            "sensitive_content": null,
            "source": null
          },
          "sensitive_attributes": [
            [
              {
                "type": "get_attr",
                "value": "sensitive_content"
              }
            ]
          ],
          "identity_schema_version": 0
        },
        {
          "index_key": "defaultB.txt",
          "schema_version": 0,
          "attributes": {
            "content": "Default content B",
            "content_base64": null,
            "content_base64sha256": "ze32DSsIYbfnAu0Pbq7brO5HnKZAv3uuiTJAX3BF6yU=",
            "content_base64sha512": "8S+ILU1x2QSCXgicUFw8+sJAIRmP+dp8VJwd2Q9J6NJtYLOOXRBTnVx6Wm5tJkmLirck7eFL0YyrC4FPbQFmVg==",
            "content_md5": "8a0f74cbe5d15b259736e090bdb7579b",
            "content_sha1": "48bb24dd4459f9048bb8d21636a04375acbee6ab",
            "content_sha256": "cdedf60d2b0861b7e702ed0f6eaedbacee479ca640bf7bae8932405f7045eb25",
            "content_sha512": "f12f882d4d71d904825e089c505c3cfac24021198ff9da7c549c1dd90f49e8d26d60b38e5d10539d5c7a5a6e6d26498b8ab724ede14bd18cab0b814f6d016656",
            "directory_permission": "0777",
            "file_permission": "0777",
            "filename": "defaultB.txt",
            "id": "48bb24dd4459f9048bb8d21636a04375acbee6ab",
            "sensitive_content": null,
            "source": null
          },
          "sensitive_attributes": [
            [
              {
                "type": "get_attr",
                "value": "sensitive_content"
              }
            ]
          ],
          "identity_schema_version": 0
        },
        {
          "index_key": "defaultC.txt",
          "schema_version": 0,
          "attributes": {
            "content": "Default content C",
            "content_base64": null,
            "content_base64sha256": "fs6Gl1tez5BPZ1z+3arMOCNaxA+ZeW7OlMGibaufNq8=",
            "content_base64sha512": "RcFvPc/Qto4Dhk9pAC3O26D21Gv/bX0kdcaNSlPNPu0aj8/8MZDWa1VZ7rv3YN3r3tcg85dTPn+e1m5+A7UvIg==",
            "content_md5": "adfbd1d8e458af43e7372e84a741ea8a",
            "content_sha1": "7af40c6dfa9390a6c619a71629865fd5dbe642c9",
            "content_sha256": "7ece86975b5ecf904f675cfeddaacc38235ac40f99796ece94c1a26dab9f36af",
            "content_sha512": "45c16f3dcfd0b68e03864f69002dcedba0f6d46bff6d7d2475c68d4a53cd3eed1a8fcffc3190d66b5559eebbf760ddebded720f397533e7f9ed66e7e03b52f22",
            "directory_permission": "0777",
            "file_permission": "0777",
            "filename": "defaultC.txt",
            "id": "7af40c6dfa9390a6c619a71629865fd5dbe642c9",
            "sensitive_content": null,
            "source": null
          },
          "sensitive_attributes": [
            [
              {
                "type": "get_attr",
                "value": "sensitive_content"
              }
            ]
          ],
          "identity_schema_version": 0
        }
      ]
    }
  ],
  "check_results": null
}
